{
  "name": "vela",
  "version": "1.0.0",
  "lockfileVersion": 1,
  "requires": true,
  "dependencies": {
    "es-dirname": {
      "version": "0.1.0",
      "resolved": "https://registry.npmjs.org/es-dirname/-/es-dirname-0.1.0.tgz",
      "integrity": "sha512-tcTj4pVFXe5EdiHCybjynDTlvkwuNN6JCg9+5BVB+n9qQoMyWOtxpREoL7rGO3sCIAX55Y6CYZi4s1c30uxvPg=="
    }
  }
}
